Microsoft Visual Studio Solution File, Format Version 12.00
# Visual Studio Version 16
VisualStudioVersion = 16.0.30621.155
MinimumVisualStudioVersion = 10.0.40219.1
Project("{9A19103F-16F7-4668-BE54-9A1E7A4F7556}") = "Mim.V6301", "Mim.V6301\Mim.V6301.csproj", "{2D9065C3-591B-4042-98DD-BCF4FC4B5506}"
EndProject
Project("{9A19103F-16F7-4668-BE54-9A1E7A4F7556}") = "Mim.V4200", "Mim.V4200\Mim.V4200.csproj", "{A0F4F521-879D-4E82-B810-AF761B6256C6}"
EndProject
Global
	GlobalSection(SolutionConfigurationPlatforms) = preSolution
		Debug|Any CPU = Debug|Any CPU
		Release|Any CPU = Release|Any CPU
	EndGlobalSection
	GlobalSection(ProjectConfigurationPlatforms) = postSolution
		{2D9065C3-591B-4042-98DD-BCF4FC4B5506}.Debug|Any CPU.ActiveCfg = Debug|Any CPU
		{2D9065C3-591B-4042-98DD-BCF4FC4B5506}.Debug|Any CPU.Build.0 = Debug|Any CPU
		{2D9065C3-591B-4042-98DD-BCF4FC4B5506}.Release|Any CPU.ActiveCfg = Release|Any CPU
		{2D9065C3-591B-4042-98DD-BCF4FC4B5506}.Release|Any CPU.Build.0 = Release|Any CPU
		{A0F4F521-879D-4E82-B810-AF761B6256C6}.Debug|Any CPU.ActiveCfg = Debug|Any CPU
		{A0F4F521-879D-4E82-B810-AF761B6256C6}.Debug|Any CPU.Build.0 = Debug|Any CPU
		{A0F4F521-879D-4E82-B810-AF761B6256C6}.Release|Any CPU.ActiveCfg = Release|Any CPU
		{A0F4F521-879D-4E82-B810-AF761B6256C6}.Release|Any CPU.Build.0 = Release|Any CPU
	EndGlobalSection
	GlobalSection(SolutionProperties) = preSolution
		HideSolutionNode = FALSE
	EndGlobalSection
	GlobalSection(ExtensibilityGlobals) = postSolution
		SolutionGuid = {A2266E5A-E72D-4364-93D7-1D53D9D70EF1}
	EndGlobalSection
	GlobalSection(TestCaseManagementSettings) = postSolution
		CategoryFile = Xsd2Code.vsmdi
	EndGlobalSection
EndGlobal
